{
    "_readme": [
        "This file locks the dependencies of your project to a known state",
        "Read more about it at https://getcomposer.org/doc/01-basic-usage.md#installing-dependencies",
        "This file is @generated automatically"
    ],
    "content-hash": "a1b2c3d4e5f6a7b8c9d0e1f2a3b4c5d6",
    "packages": [
        {
            "name": "laravel/framework",
            "version": "v12.0.0",
            "source": {
                "type": "git",
                "url": "https://github.com/laravel/framework.git",
                "reference": "0000000000000000000000000000000000000000"
            },
            "dist": {
                "type": "zip",
                "url": "https://api.github.com/repos/laravel/framework/zipball/0000000000000000000000000000000000000000",
                "reference": "0000000000000000000000000000000000000000"
            },
            "require": {
                "php": "^8.2",
                "ext-mbstring": "*",
                "ext-openssl": "*",
                "doctrine/inflector": "^2.0",
                "dragonmantank/cron-expression": "^3.3",
                "egulias/email-validator": "^4.0",
                "fruitcake/php-cors": "^1.3",
                "guzzlehttp/uri-template": "^1.0",
                "laravel/serializable-closure": "^1.3",
                "league/commonmark": "^2.2",
                "league/flysystem": "^3.0.0",
                "monolog/monolog": "^3.0",
                "nesbot/carbon": "^3.0",
                "nunomaduro/termwind": "^2.0",
                "phpoption/phpoption": "^1.2",
                "psr/container": "^1.1.1|^2.0.1",
                "psr/log": "^1.0|^2.0|^3.0",
                "psr/simple-cache": "^1.0|^2.0|^3.0",
                "ramsey/uuid": "^4.7",
                "symfony/console": "^7.0",
                "symfony/error-handler": "^7.0",
                "symfony/finder": "^7.0",
                "symfony/http-foundation": "^7.0",
                "symfony/http-kernel": "^7.0",
                "symfony/mime": "^7.0",
                "symfony/routing": "^7.0",
                "symfony/string-slugger": "^7.0",
                "symfony/translation": "^7.0",
                "symfony/uid": "^7.0",
                "symfony/var-dumper": "^7.0",
                "vlucas/phpdotenv": "^5.4.1",
                "voku/portable-ascii": "^2.0"
            },
            "type": "library",
            "extra": {
                "laravel": {
                    "providers": [
                        "Illuminate\\Broadcasting\\BroadcastServiceProvider",
                        "Illuminate\\Bus\\BusServiceProvider",
                        "Illuminate\\Cache\\CacheServiceProvider",
                        "Illuminate\\Foundation\\Providers\\ConsoleSupportServiceProvider",
                        "Illuminate\\Cookie\\CookieServiceProvider",
                        "Illuminate\\Database\\DatabaseServiceProvider",
                        "Illuminate\\Encryption\\EncryptionServiceProvider",
                        "Illuminate\\Filesystem\\FilesystemServiceProvider",
                        "Illuminate\\Foundation\\Providers\\FoundationServiceProvider",
                        "Illuminate\\Hashing\\HashServiceProvider",
                        "Illuminate\\Mail\\MailServiceProvider",
                        "Illuminate\\Notifications\\NotificationServiceProvider",
                        "Illuminate\\Pagination\\PaginationServiceProvider",
                        "Illuminate\\Pipeline\\PipelineServiceProvider",
                        "Illuminate\\Queue\\QueueServiceProvider",
                        "Illuminate\\Redis\\RedisServiceProvider",
                        "Illuminate\\Auth\\AuthServiceProvider",
                        "Illuminate\\Events\\EventServiceProvider",
                        "Illuminate\\Routing\\RouteServiceProvider"
                    ],
                    "aliases": {
                        "App": "Illuminate\\Support\\Facades\\App",
                        "Artisan": "Illuminate\\Support\\Facades\\Artisan",
                        "Auth": "Illuminate\\Support\\Facades\\Auth",
                        "Blade": "Illuminate\\Support\\Facades\\Blade",
                        "Broadcast": "Illuminate\\Support\\Facades\\Broadcast",
                        "Bus": "Illuminate\\Support\\Facades\\Bus",
                        "Cache": "Illuminate\\Support\\Facades\\Cache",
                        "Config": "Illuminate\\Support\\Facades\\Config",
                        "Cookie": "Illuminate\\Support\\Facades\\Cookie",
                        "Crypt": "Illuminate\\Support\\Facades\\Crypt",
                        "DB": "Illuminate\\Support\\Facades\\DB",
                        "Eloquent": "Illuminate\\Database\\Eloquent\\Model",
                        "Event": "Illuminate\\Support\\Facades\\Event",
                        "File": "Illuminate\\Support\\Facades\\File",
                        "Gate": "Illuminate\\Support\\Facades\\Gate",
                        "Hash": "Illuminate\\Support\\Facades\\Hash",
                        "Http": "Illuminate\\Support\\Facades\\Http",
                        "Js": "Illuminate\\Support\\Js",
                        "Lang": "Illuminate\\Support\\Facades\\Lang",
                        "Log": "Illuminate\\Support\\Facades\\Log",
                        "Mail": "Illuminate\\Support\\Facades\\Mail",
                        "Notification": "Illuminate\\Support\\Facades\\Notification",
                        "Password": "Illuminate\\Support\\Facades\\Password",
                        "Queue": "Illuminate\\Support\\Facades\\Queue",
                        "RateLimiter": "Illuminate\\Support\\Facades\\RateLimiter",
                        "Redirect": "Illuminate\\Support\\Facades\\Redirect",
                        "Redis": "Illuminate\\Support\\Facades\\Redis",
                        "Request": "Illuminate\\Support\\Facades\\Request",
                        "Response": "Illuminate\\Support\\Facades\\Response",
                        "Route": "Illuminate\\Support\\Facades\\Route",
                        "Schema": "Illuminate\\Support\\Facades\\Schema",
                        "Session": "Illuminate\\Support\\Facades\\Session",
                        "Storage": "Illuminate\\Support\\Facades\\Storage",
                        "Str": "Illuminate\\Support\\Str",
                        "URL": "Illuminate\\Support\\Facades\\URL",
                        "Validator": "Illuminate\\Support\\Facades\\Validator",
                        "View": "Illuminate\\Support\\Facades\\View"
                    }
                }
            },
            "autoload": {
                "files": [
                    "src/Illuminate/Collections/helpers.php",
                    "src/Illuminate/Events/functions.php",
                    "src/Illuminate/Foundation/helpers.php",
                    "src/Illuminate/Support/helpers.php"
                ],
                "psr-4": {
                    "Illuminate\\": "src/Illuminate/",
                    "Illuminate\\Support\\": ["src/Illuminate/Macroable/Traits/", "src/Illuminate/Collections/Traits/"]
                }
            },
            "notification-url": "https://packagist.org/downloads/",
            "license": ["MIT"],
            "authors": [
                {
                    "name": "Taylor Otwell",
                    "email": "taylor@laravel.com"
                }
            ],
            "description": "The Laravel Framework.",
            "homepage": "https://laravel.com",
            "keywords": ["framework", "laravel"],
            "support": {
                "issues": "https://github.com/laravel/framework/issues",
                "source": "https://github.com/laravel/framework"
            },
            "time": "2025-01-01T00:00:00+00:00"
        },
        {
            "name": "laravel/sanctum",
            "version": "v4.0.0",
            "source": {
                "type": "git",
                "url": "https://github.com/laravel/sanctum.git",
                "reference": "0000000000000000000000000000000000000000"
            },
            "dist": {
                "type": "zip",
                "url": "https://api.github.com/repos/laravel/sanctum/zipball/0000000000000000000000000000000000000000",
                "reference": "0000000000000000000000000000000000000000"
            },
            "require": {
                "ext-json": "*",
                "illuminate/console": "^11.0|^12.0",
                "illuminate/contracts": "^11.0|^12.0",
                "illuminate/database": "^11.0|^12.0",
                "illuminate/support": "^11.0|^12.0",
                "php": "^8.2"
            },
            "type": "library",
            "extra": {
                "laravel": {
                    "providers": [
                        "Laravel\\Sanctum\\SanctumServiceProvider"
                    ]
                }
            },
            "autoload": {
                "psr-4": {
                    "Laravel\\Sanctum\\": "src/"
                }
            },
            "license": ["MIT"],
            "authors": [
                {
                    "name": "Taylor Otwell",
                    "email": "taylor@laravel.com"
                }
            ],
            "description": "Laravel Sanctum provides a featherweight authentication system for SPAs and simple APIs.",
            "keywords": ["auth", "laravel", "sanctum"],
            "support": {
                "issues": "https://github.com/laravel/sanctum/issues",
                "source": "https://github.com/laravel/sanctum"
            },
            "time": "2025-01-01T00:00:00+00:00"
        },
        {
            "name": "laravel/tinker",
            "version": "v2.0.0",
            "source": {
                "type": "git",
                "url": "https://github.com/laravel/tinker.git",
                "reference": "0000000000000000000000000000000000000000"
            },
            "dist": {
                "type": "zip",
                "url": "https://api.github.com/repos/laravel/tinker/zipball/0000000000000000000000000000000000000000",
                "reference": "0000000000000000000000000000000000000000"
            },
            "require": {
                "php": "^8.2",
                "illuminate/console": "^11.0|^12.0",
                "illuminate/contracts": "^11.0|^12.0",
                "illuminate/support": "^11.0|^12.0",
                "psy/psysh": "^0.11.0|^0.12.0",
                "symfony/var-dumper": "^7.0"
            },
            "type": "library",
            "extra": {
                "laravel": {
                    "providers": [
                        "Laravel\\Tinker\\TinkerServiceProvider"
                    ]
                }
            },
            "autoload": {
                "psr-4": {
                    "Laravel\\Tinker\\": "src/"
                }
            },
            "license": ["MIT"],
            "authors": [
                {
                    "name": "Taylor Otwell",
                    "email": "taylor@laravel.com"
                }
            ],
            "description": "Powerful REPL for the Laravel framework.",
            "keywords": ["REPL", "Tinker", "laravel", "psysh"],
            "support": {
                "issues": "https://github.com/laravel/tinker/issues",
                "source": "https://github.com/laravel/tinker"
            },
            "time": "2025-01-01T00:00:00+00:00"
        },
        {
            "name": "endroid/qr-code",
            "version": "v6.0.0",
            "source": {
                "type": "git",
                "url": "https://github.com/endroid/qr-code.git",
                "reference": "0000000000000000000000000000000000000000"
            },
            "dist": {
                "type": "zip",
                "url": "https://api.github.com/repos/endroid/qr-code/zipball/0000000000000000000000000000000000000000",
                "reference": "0000000000000000000000000000000000000000"
            },
            "require": {
                "php": "^8.1",
                "bacon/bacon-qr-code": "^2.0.5"
            },
            "type": "library",
            "autoload": {
                "psr-4": {
                    "Endroid\\QrCode\\": "src/"
                }
            },
            "license": ["MIT"],
            "authors": [
                {
                    "name": "Jeroen van den Enden",
                    "email": "info@endroid.nl"
                }
            ],
            "description": "Endroid QR Code",
            "keywords": ["code", "endroid", "qr", "qrcode"],
            "support": {
                "issues": "https://github.com/endroid/qr-code/issues",
                "source": "https://github.com/endroid/qr-code"
            },
            "time": "2025-01-01T00:00:00+00:00"
        },
        {
            "name": "fakerphp/faker",
            "version": "v1.23.0",
            "source": {
                "type": "git",
                "url": "https://github.com/FakerPHP/Faker.git",
                "reference": "0000000000000000000000000000000000000000"
            },
            "dist": {
                "type": "zip",
                "url": "https://api.github.com/repos/FakerPHP/Faker/zipball/0000000000000000000000000000000000000000",
                "reference": "0000000000000000000000000000000000000000"
            },
            "require": {
                "php": "^7.4 || ^8.0",
                "psr/container": "^1.0 || ^2.0",
                "symfony/deprecation-contracts": "^2.2 || ^3.0"
            },
            "type": "library",
            "autoload": {
                "psr-4": {
                    "Faker\\": "src/Faker/"
                }
            },
            "license": ["MIT"],
            "authors": [
                {
                    "name": "FakerPHP Contributors"
                }
            ],
            "description": "Faker is a PHP library that generates fake data for your application",
            "keywords": ["data", "faker", "fixtures"],
            "support": {
                "issues": "https://github.com/FakerPHP/Faker/issues",
                "source": "https://github.com/FakerPHP/Faker"
            },
            "time": "2025-01-01T00:00:00+00:00"
        },
        {
            "name": "laravel/pail",
            "version": "v1.0.0",
            "source": {
                "type": "git",
                "url": "https://github.com/laravel/pail.git",
                "reference": "0000000000000000000000000000000000000000"
            },
            "dist": {
                "type": "zip",
                "url": "https://api.github.com/repos/laravel/pail/zipball/0000000000000000000000000000000000000000",
                "reference": "0000000000000000000000000000000000000000"
            },
            "require": {
                "php": "^8.2",
                "illuminate/contracts": "^11.0|^12.0",
                "illuminate/log": "^11.0|^12.0",
                "illuminate/support": "^11.0|^12.0"
            },
            "type": "library",
            "autoload": {
                "psr-4": {
                    "Laravel\\Pail\\": "src/"
                }
            },
            "license": ["MIT"],
            "authors": [
                {
                    "name": "Taylor Otwell",
                    "email": "taylor@laravel.com"
                }
            ],
            "description": "Easily dig through your Laravel application logs.",
            "keywords": ["laravel", "logs", "pail"],
            "support": {
                "issues": "https://github.com/laravel/pail/issues",
                "source": "https://github.com/laravel/pail"
            },
            "time": "2025-01-01T00:00:00+00:00"
        },
        {
            "name": "laravel/pint",
            "version": "v1.13.0",
            "source": {
                "type": "git",
                "url": "https://github.com/laravel/pint.git",
                "reference": "0000000000000000000000000000000000000000"
            },
            "dist": {
                "type": "zip",
                "url": "https://api.github.com/repos/laravel/pint/zipball/0000000000000000000000000000000000000000",
                "reference": "0000000000000000000000000000000000000000"
            },
            "require": {
                "php": "^8.1.0"
            },
            "type": "library",
            "autoload": {
                "psr-4": {
                    "Laravel\\Pint\\": "src/"
                }
            },
            "license": ["MIT"],
            "authors": [
                {
                    "name": "Nuno Maduro",
                    "email": "enunomaduro@gmail.com"
                }
            ],
            "description": "Laravel Pint is an opinionated PHP code style fixer for minimalists.",
            "keywords": ["laravel", "php", "pint"],
            "support": {
                "issues": "https://github.com/laravel/pint/issues",
                "source": "https://github.com/laravel/pint"
            },
            "time": "2025-01-01T00:00:00+00:00"
        },
        {
            "name": "phpunit/phpunit",
            "version": "v11.0.0",
            "source": {
                "type": "git",
                "url": "https://github.com/sebastianbergmann/phpunit.git",
                "reference": "0000000000000000000000000000000000000000"
            },
            "dist": {
                "type": "zip",
                "url": "https://api.github.com/repos/sebastianbergmann/phpunit/zipball/0000000000000000000000000000000000000000",
                "reference": "0000000000000000000000000000000000000000"
            },
            "require": {
                "php": ">=8.2",
                "ext-dom": "*",
                "ext-json": "*",
                "ext-libxml": "*",
                "ext-mbstring": "*",
                "ext-xml": "*",
                "ext-xmlwriter": "*",
                "myclabs/deep-copy": "^1.12.0",
                "phar-io/manifest": "^2.0.4",
                "phar-io/version": "^3.2.1",
                "phpunit/php-code-coverage": "^11.0.0",
                "phpunit/php-file-iterator": "^5.0.0",
                "phpunit/php-invoker": "^5.0.0",
                "phpunit/php-text-template": "^4.0.0",
                "phpunit/php-timer": "^7.0.0",
                "sebastian/cli-parser": "^3.0.0",
                "sebastian/code-unit": "^2.0.0",
                "sebastian/comparator": "^5.0.0",
                "sebastian/complexity": "^3.0.0",
                "sebastian/diff": "^5.0.0",
                "sebastian/environment": "^7.0.0",
                "sebastian/exporter": "^5.0.0",
                "sebastian/global-state": "^6.0.0",
                "sebastian/lines-of-code": "^2.0.0",
                "sebastian/object-enumerator": "^6.0.0",
                "sebastian/recursion-context": "^6.0.0",
                "sebastian/type": "^4.0.0",
                "sebastian/version": "^5.0.0"
            },
            "type": "library",
            "autoload": {
                "classmap": ["src/"]
            },
            "license": ["BSD-3-Clause"],
            "authors": [
                {
                    "name": "Sebastian Bergmann",
                    "email": "sebastian@phpunit.de",
                    "role": "lead"
                }
            ],
            "description": "The PHP Unit Testing framework.",
            "keywords": ["phpunit", "testing", "xunit"],
            "support": {
                "issues": "https://github.com/sebastianbergmann/phpunit/issues",
                "source": "https://github.com/sebastianbergmann/phpunit"
            },
            "time": "2025-01-01T00:00:00+00:00"
        }
    ],
    "packages-dev": [],
    "aliases": [],
    "minimum-stability": "stable",
    "stability-flags": [],
    "prefer-stable": true,
    "prefer-lowest": false,
    "platform": {
        "php": "^8.2"
    },
    "platform-dev": [],
    "plugin-api-version": "2.6.0"
}
